
Microsoft Visual Studio Solution File, Format Version 12.00
# Visual Studio 15
VisualStudioVersion = 15.0.27428.2015
MinimumVisualStudioVersion = 10.0.40219.1
Project("{FAE04EC0-301F-11D3-BF4B-00C04F79EFBC}") = "DijkstrasShortestPath", "DijkstrasShortestPath\DijkstrasShortestPath.csproj", "{06CCA3EF-E1A2-43AE-B203-EE948AFD64C3}"
EndProject
Global
	GlobalSection(SolutionConfigurationPlatforms) = preSolution
		Debug|Any CPU = Debug|Any CPU
		Release|Any CPU = Release|Any CPU
	EndGlobalSection
	GlobalSection(ProjectConfigurationPlatforms) = postSolution
		{06CCA3EF-E1A2-43AE-B203-EE948AFD64C3}.Debug|Any CPU.ActiveCfg = Debug|Any CPU
		{06CCA3EF-E1A2-43AE-B203-EE948AFD64C3}.Debug|Any CPU.Build.0 = Debug|Any CPU
		{06CCA3EF-E1A2-43AE-B203-EE948AFD64C3}.Release|Any CPU.ActiveCfg = Release|Any CPU
		{06CCA3EF-E1A2-43AE-B203-EE948AFD64C3}.Release|Any CPU.Build.0 = Release|Any CPU
	EndGlobalSection
	GlobalSection(SolutionProperties) = preSolution
		HideSolutionNode = FALSE
	EndGlobalSection
	GlobalSection(ExtensibilityGlobals) = postSolution
		SolutionGuid = {2D1B62A7-8929-4DEF-A193-716CA2AA74FC}
	EndGlobalSection
EndGlobal
