
Microsoft Visual Studio Solution File, Format Version 12.00
# Visual Studio Version 16
VisualStudioVersion = 16.0.31321.278
MinimumVisualStudioVersion = 10.0.40219.1
Project("{FAE04EC0-301F-11D3-BF4B-00C04F79EFBC}") = "test2019", "test2019\test2019.csproj", "{CD0A8B9E-78EF-4964-869F-AB7D18527B6C}"
EndProject
Global
	GlobalSection(SolutionConfigurationPlatforms) = preSolution
		Debug|Any CPU = Debug|Any CPU
		Release|Any CPU = Release|Any CPU
	EndGlobalSection
	GlobalSection(ProjectConfigurationPlatforms) = postSolution
		{CD0A8B9E-78EF-4964-869F-AB7D18527B6C}.Debug|Any CPU.ActiveCfg = Debug|Any CPU
		{CD0A8B9E-78EF-4964-869F-AB7D18527B6C}.Debug|Any CPU.Build.0 = Debug|Any CPU
		{CD0A8B9E-78EF-4964-869F-AB7D18527B6C}.Release|Any CPU.ActiveCfg = Release|Any CPU
		{CD0A8B9E-78EF-4964-869F-AB7D18527B6C}.Release|Any CPU.Build.0 = Release|Any CPU
	EndGlobalSection
	GlobalSection(SolutionProperties) = preSolution
		HideSolutionNode = FALSE
	EndGlobalSection
	GlobalSection(ExtensibilityGlobals) = postSolution
		SolutionGuid = {62488DAF-8A0E-430B-A60B-6CC20C51F2B3}
	EndGlobalSection
EndGlobal
